PODS:
  - Socket.IO-Client-Swift (13.1.2):
    - Starscream (~> 3.0.2)
  - Starscream (3.0.4)

DEPENDENCIES:
  - Socket.IO-Client-Swift

SPEC CHECKSUMS:
  Socket.IO-Client-Swift: 010d2f464bdd1849b859c0cd0500d68194401ac8
  Starscream: f5da93fe6984c77b694366bf7299b7dc63a76f26

PODFILE CHECKSUM: 3ea3bc3c0d8b7edc5368b7dd9844b13d8c108b4d

COCOAPODS: 1.4.0
